
Microsoft Visual Studio Solution File, Format Version 12.00
# Visual Studio 15
VisualStudioVersion = 15.0.27703.2047
MinimumVisualStudioVersion = 10.0.40219.1
Project("{9A19103F-16F7-4668-BE54-9A1E7A4F7556}") = "Foldout.Core", "Foldout.Core\Foldout.Core.csproj", "{A23A7814-1018-4DB5-802A-7309D773B36B}"
EndProject
Project("{2150E333-8FDC-42A3-9474-1A3956D46DE8}") = "tests", "tests", "{AB1563D9-D218-4E48-827D-80366A0267DC}"
EndProject
Project("{FAE04EC0-301F-11D3-BF4B-00C04F79EFBC}") = "Tests.Foldout.Core", "Tests.Foldout.Core\Tests.Foldout.Core.csproj", "{2DD26CA0-6C99-4637-9E40-AB58D43EAEA8}"
EndProject
Project("{2150E333-8FDC-42A3-9474-1A3956D46DE8}") = "Solution Items", "Solution Items", "{3275FEE0-4D61-44E3-B60A-68E140E972B1}"
	ProjectSection(SolutionItems) = preProject
		todo.txt = todo.txt
	EndProjectSection
EndProject
Global
	GlobalSection(SolutionConfigurationPlatforms) = preSolution
		Debug|Any CPU = Debug|Any CPU
		Release|Any CPU = Release|Any CPU
	EndGlobalSection
	GlobalSection(ProjectConfigurationPlatforms) = postSolution
		{A23A7814-1018-4DB5-802A-7309D773B36B}.Debug|Any CPU.ActiveCfg = Debug|Any CPU
		{A23A7814-1018-4DB5-802A-7309D773B36B}.Debug|Any CPU.Build.0 = Debug|Any CPU
		{A23A7814-1018-4DB5-802A-7309D773B36B}.Release|Any CPU.ActiveCfg = Release|Any CPU
		{A23A7814-1018-4DB5-802A-7309D773B36B}.Release|Any CPU.Build.0 = Release|Any CPU
		{2DD26CA0-6C99-4637-9E40-AB58D43EAEA8}.Debug|Any CPU.ActiveCfg = Debug|Any CPU
		{2DD26CA0-6C99-4637-9E40-AB58D43EAEA8}.Debug|Any CPU.Build.0 = Debug|Any CPU
		{2DD26CA0-6C99-4637-9E40-AB58D43EAEA8}.Release|Any CPU.ActiveCfg = Release|Any CPU
		{2DD26CA0-6C99-4637-9E40-AB58D43EAEA8}.Release|Any CPU.Build.0 = Release|Any CPU
	EndGlobalSection
	GlobalSection(SolutionProperties) = preSolution
		HideSolutionNode = FALSE
	EndGlobalSection
	GlobalSection(NestedProjects) = preSolution
		{2DD26CA0-6C99-4637-9E40-AB58D43EAEA8} = {AB1563D9-D218-4E48-827D-80366A0267DC}
	EndGlobalSection
	GlobalSection(ExtensibilityGlobals) = postSolution
		SolutionGuid = {483901E4-4226-4052-8FFB-E61C1DEEC9D7}
	EndGlobalSection
EndGlobal
